{
  "name": "Graduation-Project",
  "lockfileVersion": 3,
  "requires": true,
  "packages": {
    "": {
      "dependencies": {
        "g": "^2.0.1",
        "opencode-ai": "^1.15.12"
      }
    },
    "node_modules/g": {
      "version": "2.0.1",
      "resolved": "https://registry.npmjs.org/g/-/g-2.0.1.tgz",
      "integrity": "sha512-Fi6Ng5fZ/ANLQ15H11hCe+09sgUoNvDEBevVgx3KoYOhsH5iLNPn54hx0jPZ+3oSWr+xajnp2Qau9VmPsc7hTA==",
      "license": "MIT"
    },
    "node_modules/opencode-ai": {
      "version": "1.15.12",
      "resolved": "https://registry.npmjs.org/opencode-ai/-/opencode-ai-1.15.12.tgz",
      "integrity": "sha512-Q7iid09tT6hDF9Np+asu+i554lNIaWEavh+Jdii9RNfjGdRwhXwS9mbIJjScp/UGjKkFOgWL7uMpbraHThX3UA==",
      "cpu": [
        "arm64",
        "x64"
      ],
      "hasInstallScript": true,
      "license": "MIT",
      "os": [
        "darwin",
        "linux",
        "win32"
      ],
      "bin": {
        "opencode": "bin/opencode.exe"
      },
      "optionalDependencies": {
        "opencode-darwin-arm64": "1.15.12",
        "opencode-darwin-x64": "1.15.12",
        "opencode-darwin-x64-baseline": "1.15.12",
        "opencode-linux-arm64": "1.15.12",
        "opencode-linux-arm64-musl": "1.15.12",
        "opencode-linux-x64": "1.15.12",
        "opencode-linux-x64-baseline": "1.15.12",
        "opencode-linux-x64-baseline-musl": "1.15.12",
        "opencode-linux-x64-musl": "1.15.12",
        "opencode-windows-arm64": "1.15.12",
        "opencode-windows-x64": "1.15.12",
        "opencode-windows-x64-baseline": "1.15.12"
      }
    },
    "node_modules/opencode-darwin-arm64": {
      "version": "1.15.12",
      "resolved": "https://registry.npmjs.org/opencode-darwin-arm64/-/opencode-darwin-arm64-1.15.12.tgz",
      "integrity": "sha512-CdohSdGt4gNfPPIYZ2UQee95M34FYRc0WveWRSzJQRtL//bNzkpM5Ockx9RH/P0m3qgxrEeC99SXxY2XNZBeHA==",
      "cpu": [
        "arm64"
      ],
      "optional": true,
      "os": [
        "darwin"
      ]
    },
    "node_modules/opencode-darwin-x64": {
      "version": "1.15.12",
      "resolved": "https://registry.npmjs.org/opencode-darwin-x64/-/opencode-darwin-x64-1.15.12.tgz",
      "integrity": "sha512-ygwevMmergXIykJo3gBNhuWguEo6iNsf8w32rY+ZGJhtrkNQm8msj8vUvfgztvPZMciiJiuuEP9dQDviinV/+Q==",
      "cpu": [
        "x64"
      ],
      "optional": true,
      "os": [
        "darwin"
      ]
    },
    "node_modules/opencode-darwin-x64-baseline": {
      "version": "1.15.12",
      "resolved": "https://registry.npmjs.org/opencode-darwin-x64-baseline/-/opencode-darwin-x64-baseline-1.15.12.tgz",
      "integrity": "sha512-qweFktlTHobislOAMyF+NKWTM9a2KH5mKq9TY4cyGgmY90myiPg1M6O6SdyFV2mJ7136w2hDtuR/j4MfaLeigw==",
      "cpu": [
        "x64"
      ],
      "optional": true,
      "os": [
        "darwin"
      ]
    },
    "node_modules/opencode-linux-arm64": {
      "version": "1.15.12",
      "resolved": "https://registry.npmjs.org/opencode-linux-arm64/-/opencode-linux-arm64-1.15.12.tgz",
      "integrity": "sha512-HM1V3YVBggThgyQQ5DcXXP72Uki8eAhzf5m1wzs67F//P0wIlF7g9YWdv1UR9Gd02kf/9Mzq2GBYA12Q0hP+Cw==",
      "cpu": [
        "arm64"
      ],
      "optional": true,
      "os": [
        "linux"
      ]
    },
    "node_modules/opencode-linux-arm64-musl": {
      "version": "1.15.12",
      "resolved": "https://registry.npmjs.org/opencode-linux-arm64-musl/-/opencode-linux-arm64-musl-1.15.12.tgz",
      "integrity": "sha512-c3dm3idsqHeYcuJZQ54AV07b0SVtTm1R7zClgoiT8c9xZyF1+ETqqmqE36Wg4fhUykvCMQEOZmbiuB0soyMVZQ==",
      "cpu": [
        "arm64"
      ],
      "optional": true,
      "os": [
        "linux"
      ]
    },
    "node_modules/opencode-linux-x64": {
      "version": "1.15.12",
      "resolved": "https://registry.npmjs.org/opencode-linux-x64/-/opencode-linux-x64-1.15.12.tgz",
      "integrity": "sha512-IGkiPX68ZIFb+66pGI5Jfk6Cayk8FqrdmJEEO8Oj5vEilvN4AUf3B5xWu6IAa0LFec9beQhCXP5ljkuQe+0jCQ==",
      "cpu": [
        "x64"
      ],
      "optional": true,
      "os": [
        "linux"
      ]
    },
    "node_modules/opencode-linux-x64-baseline": {
      "version": "1.15.12",
      "resolved": "https://registry.npmjs.org/opencode-linux-x64-baseline/-/opencode-linux-x64-baseline-1.15.12.tgz",
      "integrity": "sha512-aJur7YbgH6NbpoVxHRUae9phY7FV+7V46VMCIS6hnmqrvEVP2SKU9hQyeK71pBQ7EziJv/IMZxPEE7oTy48KCw==",
      "cpu": [
        "x64"
      ],
      "optional": true,
      "os": [
        "linux"
      ]
    },
    "node_modules/opencode-linux-x64-baseline-musl": {
      "version": "1.15.12",
      "resolved": "https://registry.npmjs.org/opencode-linux-x64-baseline-musl/-/opencode-linux-x64-baseline-musl-1.15.12.tgz",
      "integrity": "sha512-tnKMiBK/1cJiiomk7TEZWStxd6tJlqI13lKkds+dLTzVqGpUFZvqnIgeKxRZ8ZNZWKAhoOjV1y4ongY8LboHhg==",
      "cpu": [
        "x64"
      ],
      "optional": true,
      "os": [
        "linux"
      ]
    },
    "node_modules/opencode-linux-x64-musl": {
      "version": "1.15.12",
      "resolved": "https://registry.npmjs.org/opencode-linux-x64-musl/-/opencode-linux-x64-musl-1.15.12.tgz",
      "integrity": "sha512-apmiC/4aB1p49gpdtW2NxTr2VjqfwbsWoY2VHtTAT3D7CRw+aPtr5sA53Kb8RwfKHMbvQXydFveUxPeNWs12ug==",
      "cpu": [
        "x64"
      ],
      "optional": true,
      "os": [
        "linux"
      ]
    },
    "node_modules/opencode-windows-arm64": {
      "version": "1.15.12",
      "resolved": "https://registry.npmjs.org/opencode-windows-arm64/-/opencode-windows-arm64-1.15.12.tgz",
      "integrity": "sha512-kIBBDp8n83KP5Z3bWL83hyaZZT56X+1q9Zoz+J+gqQDg7A4JGl6a3lhN7iTHUoYXFRHuWxMKZVPeBVjrpC+kFQ==",
      "cpu": [
        "arm64"
      ],
      "optional": true,
      "os": [
        "win32"
      ]
    },
    "node_modules/opencode-windows-x64": {
      "version": "1.15.12",
      "resolved": "https://registry.npmjs.org/opencode-windows-x64/-/opencode-windows-x64-1.15.12.tgz",
      "integrity": "sha512-vMJ4vLWBlu9PfLYoSrsUzoAiF/YZmblwhSpPPogO9joxV5Te7iWFJi59uNaNkRet5Lc/E+VqQ25HaOot488cgg==",
      "cpu": [
        "x64"
      ],
      "optional": true,
      "os": [
        "win32"
      ]
    },
    "node_modules/opencode-windows-x64-baseline": {
      "version": "1.15.12",
      "resolved": "https://registry.npmjs.org/opencode-windows-x64-baseline/-/opencode-windows-x64-baseline-1.15.12.tgz",
      "integrity": "sha512-ebS0Z7bohygBxfPYZ4/id86SrFKVg0o3950eXqoD2tijQ/I63iwXcN9p5WwL1MeFOfuVYgJA+Mi4P6Zo2kZL5A==",
      "cpu": [
        "x64"
      ],
      "optional": true,
      "os": [
        "win32"
      ]
    }
  }
}
